
Microsoft Visual Studio Solution File, Format Version 12.00
# Visual Studio Version 17
VisualStudioVersion = 17.11.35312.102
MinimumVisualStudioVersion = 10.0.40219.1
Project("{FAE04EC0-301F-11D3-BF4B-00C04F79EFBC}") = "WinQuestion", "WinQuestion.csproj", "{1695A75C-93A6-495E-9BC8-C119FFD0FF62}"
EndProject
Project("{FAE04EC0-301F-11D3-BF4B-00C04F79EFBC}") = "TestList", "..\TestList\TestList.csproj", "{6AD63CCA-C79C-4F0A-84EA-1B87A6235B2E}"
EndProject
Global
	GlobalSection(SolutionConfigurationPlatforms) = preSolution
		Debug|Any CPU = Debug|Any CPU
		Release|Any CPU = Release|Any CPU
	EndGlobalSection
	GlobalSection(ProjectConfigurationPlatforms) = postSolution
		{1695A75C-93A6-495E-9BC8-C119FFD0FF62}.Debug|Any CPU.ActiveCfg = Debug|Any CPU
		{1695A75C-93A6-495E-9BC8-C119FFD0FF62}.Debug|Any CPU.Build.0 = Debug|Any CPU
		{1695A75C-93A6-495E-9BC8-C119FFD0FF62}.Release|Any CPU.ActiveCfg = Release|Any CPU
		{1695A75C-93A6-495E-9BC8-C119FFD0FF62}.Release|Any CPU.Build.0 = Release|Any CPU
		{6AD63CCA-C79C-4F0A-84EA-1B87A6235B2E}.Debug|Any CPU.ActiveCfg = Debug|Any CPU
		{6AD63CCA-C79C-4F0A-84EA-1B87A6235B2E}.Debug|Any CPU.Build.0 = Debug|Any CPU
		{6AD63CCA-C79C-4F0A-84EA-1B87A6235B2E}.Release|Any CPU.ActiveCfg = Release|Any CPU
		{6AD63CCA-C79C-4F0A-84EA-1B87A6235B2E}.Release|Any CPU.Build.0 = Release|Any CPU
	EndGlobalSection
	GlobalSection(SolutionProperties) = preSolution
		HideSolutionNode = FALSE
	EndGlobalSection
	GlobalSection(ExtensibilityGlobals) = postSolution
		SolutionGuid = {47B897D8-CABD-4357-93A1-92C7D8DE42A1}
	EndGlobalSection
EndGlobal
